
Microsoft Visual Studio Solution File, Format Version 12.00
Project("{FAE04EC0-301F-11D3-BF4B-00C04F79EFBC}") = "GitCheck", "GitCheck\GitCheck.csproj", "{647F6E98-C487-4474-B8EA-05D39D8B0DEC}"
EndProject
Global
	GlobalSection(SolutionConfigurationPlatforms) = preSolution
		Debug|Any CPU = Debug|Any CPU
		Release|Any CPU = Release|Any CPU
	EndGlobalSection
	GlobalSection(ProjectConfigurationPlatforms) = postSolution
		{647F6E98-C487-4474-B8EA-05D39D8B0DEC}.Debug|Any CPU.ActiveCfg = Debug|Any CPU
		{647F6E98-C487-4474-B8EA-05D39D8B0DEC}.Debug|Any CPU.Build.0 = Debug|Any CPU
		{647F6E98-C487-4474-B8EA-05D39D8B0DEC}.Release|Any CPU.ActiveCfg = Release|Any CPU
		{647F6E98-C487-4474-B8EA-05D39D8B0DEC}.Release|Any CPU.Build.0 = Release|Any CPU
	EndGlobalSection
EndGlobal
